
Microsoft Visual Studio Solution File, Format Version 12.00
# Visual Studio 2013
VisualStudioVersion = 12.0.40629.0
MinimumVisualStudioVersion = 10.0.40219.1
Project("{FAE04EC0-301F-11D3-BF4B-00C04F79EFBC}") = "YZ.Biz", "YZ.Biz\YZ.Biz.csproj", "{6AAB4875-DDC8-4A9D-8132-320AB835191A}"
EndProject
Project("{FAE04EC0-301F-11D3-BF4B-00C04F79EFBC}") = "YZ.Common", "YZ.Common\YZ.Common.csproj", "{4D9877D4-E6EA-4C20-9295-066A14DA892A}"
EndProject
Project("{FAE04EC0-301F-11D3-BF4B-00C04F79EFBC}") = "AspWeb", "Web\AspWeb.csproj", "{006CECB8-EAB7-427F-BED7-C3EF69C0FD93}"
EndProject
Project("{FAE04EC0-301F-11D3-BF4B-00C04F79EFBC}") = "Test", "Test\Test.csproj", "{9636C292-145C-4A2F-B89D-406A6AF86A6B}"
EndProject
Project("{FAE04EC0-301F-11D3-BF4B-00C04F79EFBC}") = "TestWeb", "TestWeb\TestWeb.csproj", "{E64A497D-78AE-4DA8-8C49-CE0CC630EA9B}"
EndProject
Project("{2150E333-8FDC-42A3-9474-1A3956D46DE8}") = "1.Web", "1.Web", "{E3FE2F05-0275-4F95-8A3F-880AA93A13CE}"
EndProject
Project("{FAE04EC0-301F-11D3-BF4B-00C04F79EFBC}") = "MvcWeb", "MvcWeb\MvcWeb.csproj", "{2D5A7038-4686-48ED-ACD6-26CEFE3C51D1}"
EndProject
Project("{2150E333-8FDC-42A3-9474-1A3956D46DE8}") = "2.WebApi", "2.WebApi", "{860D93D6-8D8C-4274-A21F-4AE8FB225267}"
EndProject
Project("{2150E333-8FDC-42A3-9474-1A3956D46DE8}") = "3.Business", "3.Business", "{34ECCE84-DBE0-43AF-877C-11320302B3CB}"
EndProject
Project("{2150E333-8FDC-42A3-9474-1A3956D46DE8}") = "4.Data", "4.Data", "{CD42B70A-1C98-4FDF-8E2F-24ECE985A9B3}"
EndProject
Project("{2150E333-8FDC-42A3-9474-1A3956D46DE8}") = "5.Commom", "5.Commom", "{6799C98A-4F8A-4C82-B6F3-A1D72D9E65E8}"
EndProject
Project("{FAE04EC0-301F-11D3-BF4B-00C04F79EFBC}") = "YZ.Service.Business", "YZ.Business\YZ.Service.Business.csproj", "{A27C8961-098E-4E36-BA9F-C95288016185}"
EndProject
Project("{FAE04EC0-301F-11D3-BF4B-00C04F79EFBC}") = "YZ.Service.Model", "YZ.Model\YZ.Service.Model.csproj", "{FEA52F0A-2D10-4185-A99A-86391C13D0BE}"
EndProject
Project("{FAE04EC0-301F-11D3-BF4B-00C04F79EFBC}") = "YZ.Service.SQLite", "YZ.DataAccess\YZ.Service.SQLite.csproj", "{84BADD98-52C5-47DA-82AF-F10B1A2736B5}"
EndProject
Project("{FAE04EC0-301F-11D3-BF4B-00C04F79EFBC}") = "YZ.Service.Dapper", "YZ.Service.Dapper\YZ.Service.Dapper.csproj", "{DE5F4601-9367-4161-8D9F-8E9FCD062D90}"
EndProject
Project("{2150E333-8FDC-42A3-9474-1A3956D46DE8}") = "6.Test", "6.Test", "{8D1EF71D-B291-4DBD-909A-80E46569E526}"
EndProject
Project("{FAE04EC0-301F-11D3-BF4B-00C04F79EFBC}") = "YZ.Service.WebApi", "YZ.WebApi\YZ.Service.WebApi.csproj", "{1E2C0193-142B-4D53-A6A6-7A9DA4D6FC27}"
EndProject
Project("{FAE04EC0-301F-11D3-BF4B-00C04F79EFBC}") = "UnitTest", "UnitTest\UnitTest.csproj", "{1DC37F1D-C896-4D33-9D11-8092B889402A}"
EndProject
Project("{FAE04EC0-301F-11D3-BF4B-00C04F79EFBC}") = "YZ.Service.DataAccess", "YZ.Service.DataAccess\YZ.Service.DataAccess.csproj", "{47034341-3AA0-485B-8CAD-3EC3EF62ADA6}"
EndProject
Project("{FAE04EC0-301F-11D3-BF4B-00C04F79EFBC}") = "MSSqlVisual", "MSSqlVisual\MSSqlVisual.csproj", "{1E8085F5-890C-4210-A08C-545D2B4C460D}"
EndProject
Project("{2150E333-8FDC-42A3-9474-1A3956D46DE8}") = "9.Win", "9.Win", "{97F7D3E1-479E-41F9-89F2-BA08B98F5F71}"
EndProject
Project("{FAE04EC0-301F-11D3-BF4B-00C04F79EFBC}") = "ProcessKill", "ProcessKill\ProcessKill.csproj", "{2A432711-005D-4CA6-A171-79BA16E6B158}"
EndProject
Global
	GlobalSection(SolutionConfigurationPlatforms) = preSolution
		Debug|Any CPU = Debug|Any CPU
		Release|Any CPU = Release|Any CPU
	EndGlobalSection
	GlobalSection(ProjectConfigurationPlatforms) = postSolution
		{6AAB4875-DDC8-4A9D-8132-320AB835191A}.Debug|Any CPU.ActiveCfg = Debug|Any CPU
		{6AAB4875-DDC8-4A9D-8132-320AB835191A}.Debug|Any CPU.Build.0 = Debug|Any CPU
		{6AAB4875-DDC8-4A9D-8132-320AB835191A}.Release|Any CPU.ActiveCfg = Release|Any CPU
		{6AAB4875-DDC8-4A9D-8132-320AB835191A}.Release|Any CPU.Build.0 = Release|Any CPU
		{4D9877D4-E6EA-4C20-9295-066A14DA892A}.Debug|Any CPU.ActiveCfg = Debug|Any CPU
		{4D9877D4-E6EA-4C20-9295-066A14DA892A}.Debug|Any CPU.Build.0 = Debug|Any CPU
		{4D9877D4-E6EA-4C20-9295-066A14DA892A}.Release|Any CPU.ActiveCfg = Release|Any CPU
		{4D9877D4-E6EA-4C20-9295-066A14DA892A}.Release|Any CPU.Build.0 = Release|Any CPU
		{006CECB8-EAB7-427F-BED7-C3EF69C0FD93}.Debug|Any CPU.ActiveCfg = Debug|Any CPU
		{006CECB8-EAB7-427F-BED7-C3EF69C0FD93}.Debug|Any CPU.Build.0 = Debug|Any CPU
		{006CECB8-EAB7-427F-BED7-C3EF69C0FD93}.Release|Any CPU.ActiveCfg = Release|Any CPU
		{006CECB8-EAB7-427F-BED7-C3EF69C0FD93}.Release|Any CPU.Build.0 = Release|Any CPU
		{9636C292-145C-4A2F-B89D-406A6AF86A6B}.Debug|Any CPU.ActiveCfg = Debug|Any CPU
		{9636C292-145C-4A2F-B89D-406A6AF86A6B}.Debug|Any CPU.Build.0 = Debug|Any CPU
		{9636C292-145C-4A2F-B89D-406A6AF86A6B}.Release|Any CPU.ActiveCfg = Release|Any CPU
		{9636C292-145C-4A2F-B89D-406A6AF86A6B}.Release|Any CPU.Build.0 = Release|Any CPU
		{E64A497D-78AE-4DA8-8C49-CE0CC630EA9B}.Debug|Any CPU.ActiveCfg = Debug|Any CPU
		{E64A497D-78AE-4DA8-8C49-CE0CC630EA9B}.Debug|Any CPU.Build.0 = Debug|Any CPU
		{E64A497D-78AE-4DA8-8C49-CE0CC630EA9B}.Release|Any CPU.ActiveCfg = Release|Any CPU
		{E64A497D-78AE-4DA8-8C49-CE0CC630EA9B}.Release|Any CPU.Build.0 = Release|Any CPU
		{2D5A7038-4686-48ED-ACD6-26CEFE3C51D1}.Debug|Any CPU.ActiveCfg = Debug|Any CPU
		{2D5A7038-4686-48ED-ACD6-26CEFE3C51D1}.Debug|Any CPU.Build.0 = Debug|Any CPU
		{2D5A7038-4686-48ED-ACD6-26CEFE3C51D1}.Release|Any CPU.ActiveCfg = Release|Any CPU
		{2D5A7038-4686-48ED-ACD6-26CEFE3C51D1}.Release|Any CPU.Build.0 = Release|Any CPU
		{A27C8961-098E-4E36-BA9F-C95288016185}.Debug|Any CPU.ActiveCfg = Debug|Any CPU
		{A27C8961-098E-4E36-BA9F-C95288016185}.Debug|Any CPU.Build.0 = Debug|Any CPU
		{A27C8961-098E-4E36-BA9F-C95288016185}.Release|Any CPU.ActiveCfg = Release|Any CPU
		{A27C8961-098E-4E36-BA9F-C95288016185}.Release|Any CPU.Build.0 = Release|Any CPU
		{FEA52F0A-2D10-4185-A99A-86391C13D0BE}.Debug|Any CPU.ActiveCfg = Debug|Any CPU
		{FEA52F0A-2D10-4185-A99A-86391C13D0BE}.Debug|Any CPU.Build.0 = Debug|Any CPU
		{FEA52F0A-2D10-4185-A99A-86391C13D0BE}.Release|Any CPU.ActiveCfg = Release|Any CPU
		{FEA52F0A-2D10-4185-A99A-86391C13D0BE}.Release|Any CPU.Build.0 = Release|Any CPU
		{84BADD98-52C5-47DA-82AF-F10B1A2736B5}.Debug|Any CPU.ActiveCfg = Debug|Any CPU
		{84BADD98-52C5-47DA-82AF-F10B1A2736B5}.Debug|Any CPU.Build.0 = Debug|Any CPU
		{84BADD98-52C5-47DA-82AF-F10B1A2736B5}.Release|Any CPU.ActiveCfg = Release|Any CPU
		{84BADD98-52C5-47DA-82AF-F10B1A2736B5}.Release|Any CPU.Build.0 = Release|Any CPU
		{DE5F4601-9367-4161-8D9F-8E9FCD062D90}.Debug|Any CPU.ActiveCfg = Debug|Any CPU
		{DE5F4601-9367-4161-8D9F-8E9FCD062D90}.Debug|Any CPU.Build.0 = Debug|Any CPU
		{DE5F4601-9367-4161-8D9F-8E9FCD062D90}.Release|Any CPU.ActiveCfg = Release|Any CPU
		{DE5F4601-9367-4161-8D9F-8E9FCD062D90}.Release|Any CPU.Build.0 = Release|Any CPU
		{1E2C0193-142B-4D53-A6A6-7A9DA4D6FC27}.Debug|Any CPU.ActiveCfg = Debug|Any CPU
		{1E2C0193-142B-4D53-A6A6-7A9DA4D6FC27}.Debug|Any CPU.Build.0 = Debug|Any CPU
		{1E2C0193-142B-4D53-A6A6-7A9DA4D6FC27}.Release|Any CPU.ActiveCfg = Release|Any CPU
		{1E2C0193-142B-4D53-A6A6-7A9DA4D6FC27}.Release|Any CPU.Build.0 = Release|Any CPU
		{1DC37F1D-C896-4D33-9D11-8092B889402A}.Debug|Any CPU.ActiveCfg = Debug|Any CPU
		{1DC37F1D-C896-4D33-9D11-8092B889402A}.Debug|Any CPU.Build.0 = Debug|Any CPU
		{1DC37F1D-C896-4D33-9D11-8092B889402A}.Release|Any CPU.ActiveCfg = Release|Any CPU
		{1DC37F1D-C896-4D33-9D11-8092B889402A}.Release|Any CPU.Build.0 = Release|Any CPU
		{47034341-3AA0-485B-8CAD-3EC3EF62ADA6}.Debug|Any CPU.ActiveCfg = Debug|Any CPU
		{47034341-3AA0-485B-8CAD-3EC3EF62ADA6}.Debug|Any CPU.Build.0 = Debug|Any CPU
		{47034341-3AA0-485B-8CAD-3EC3EF62ADA6}.Release|Any CPU.ActiveCfg = Release|Any CPU
		{47034341-3AA0-485B-8CAD-3EC3EF62ADA6}.Release|Any CPU.Build.0 = Release|Any CPU
		{1E8085F5-890C-4210-A08C-545D2B4C460D}.Debug|Any CPU.ActiveCfg = Debug|Any CPU
		{1E8085F5-890C-4210-A08C-545D2B4C460D}.Debug|Any CPU.Build.0 = Debug|Any CPU
		{1E8085F5-890C-4210-A08C-545D2B4C460D}.Release|Any CPU.ActiveCfg = Release|Any CPU
		{1E8085F5-890C-4210-A08C-545D2B4C460D}.Release|Any CPU.Build.0 = Release|Any CPU
		{2A432711-005D-4CA6-A171-79BA16E6B158}.Debug|Any CPU.ActiveCfg = Debug|Any CPU
		{2A432711-005D-4CA6-A171-79BA16E6B158}.Debug|Any CPU.Build.0 = Debug|Any CPU
		{2A432711-005D-4CA6-A171-79BA16E6B158}.Release|Any CPU.ActiveCfg = Release|Any CPU
		{2A432711-005D-4CA6-A171-79BA16E6B158}.Release|Any CPU.Build.0 = Release|Any CPU
	EndGlobalSection
	GlobalSection(SolutionProperties) = preSolution
		HideSolutionNode = FALSE
	EndGlobalSection
	GlobalSection(NestedProjects) = preSolution
		{6AAB4875-DDC8-4A9D-8132-320AB835191A} = {CD42B70A-1C98-4FDF-8E2F-24ECE985A9B3}
		{4D9877D4-E6EA-4C20-9295-066A14DA892A} = {6799C98A-4F8A-4C82-B6F3-A1D72D9E65E8}
		{006CECB8-EAB7-427F-BED7-C3EF69C0FD93} = {E3FE2F05-0275-4F95-8A3F-880AA93A13CE}
		{9636C292-145C-4A2F-B89D-406A6AF86A6B} = {8D1EF71D-B291-4DBD-909A-80E46569E526}
		{E64A497D-78AE-4DA8-8C49-CE0CC630EA9B} = {E3FE2F05-0275-4F95-8A3F-880AA93A13CE}
		{2D5A7038-4686-48ED-ACD6-26CEFE3C51D1} = {E3FE2F05-0275-4F95-8A3F-880AA93A13CE}
		{A27C8961-098E-4E36-BA9F-C95288016185} = {34ECCE84-DBE0-43AF-877C-11320302B3CB}
		{FEA52F0A-2D10-4185-A99A-86391C13D0BE} = {34ECCE84-DBE0-43AF-877C-11320302B3CB}
		{84BADD98-52C5-47DA-82AF-F10B1A2736B5} = {CD42B70A-1C98-4FDF-8E2F-24ECE985A9B3}
		{DE5F4601-9367-4161-8D9F-8E9FCD062D90} = {CD42B70A-1C98-4FDF-8E2F-24ECE985A9B3}
		{1E2C0193-142B-4D53-A6A6-7A9DA4D6FC27} = {860D93D6-8D8C-4274-A21F-4AE8FB225267}
		{1DC37F1D-C896-4D33-9D11-8092B889402A} = {8D1EF71D-B291-4DBD-909A-80E46569E526}
		{47034341-3AA0-485B-8CAD-3EC3EF62ADA6} = {CD42B70A-1C98-4FDF-8E2F-24ECE985A9B3}
		{1E8085F5-890C-4210-A08C-545D2B4C460D} = {E3FE2F05-0275-4F95-8A3F-880AA93A13CE}
		{2A432711-005D-4CA6-A171-79BA16E6B158} = {97F7D3E1-479E-41F9-89F2-BA08B98F5F71}
	EndGlobalSection
EndGlobal
